PODS:
  - FMDB (2.6.2):
    - FMDB/standard (= 2.6.2)
  - FMDB/standard (2.6.2)
  - XMNFMDB (0.0.1):
    - FMDB
    - YYModel
  - YYModel (1.0.4)

DEPENDENCIES:
  - FMDB
  - XMNFMDB (from `XMNFMDB.podspec`)
  - YYModel

EXTERNAL SOURCES:
  XMNFMDB:
    :podspec: XMNFMDB.podspec

SPEC CHECKSUMS:
  FMDB: 854a0341b4726e53276f2a8996f06f1b80f9259a
  XMNFMDB: 72f815c6cbf3c6a2ed751334ade5baf405ad72af
  YYModel: 2a7fdd96aaa4b86a824e26d0c517de8928c04b30

PODFILE CHECKSUM: 7e576a9ffd0576e7e6498b17fcb7819e9bfebd12

COCOAPODS: 1.1.1
